<?xml version="1.0" encoding="utf-8"?>
<Project ToolsVersion="4.0" xmlns="http://schemas.microsoft.com/developer/msbuild/2003">
  <ItemGroup>
    <Filter Include="ImGui">
      <UniqueIdentifier>{ab20b420-4e7a-4cfe-9d75-2c2243e76a17}</UniqueIdentifier>
    </Filter>
    <Filter Include="Source">
      <UniqueIdentifier>{4FC737F1-C7A5-4376-A066-2A32D752A2FF}</UniqueIdentifier>
      <Extensions>cpp;c;cc;cxx;def;odl;idl;hpj;bat;asm;asmx</Extensions>
    </Filter>
    <Filter Include="Header">
      <UniqueIdentifier>{93995380-89BD-4b04-88EB-625FBE52EBFB}</UniqueIdentifier>
      <Extensions>h;hh;hpp;hxx;hm;inl;inc;xsd</Extensions>
    </Filter>
    <Filter Include="Resource">
      <UniqueIdentifier>{67DA6AB6-F800-4c08-8B7A-83BB121AAD01}</UniqueIdentifier>
      <Extensions>rc;ico;cur;bmp;dlg;rc2;rct;bin;rgs;gif;jpg;jpeg;jpe;resx;tiff;tif;png;wav;mfcribbon-ms</Extensions>
    </Filter>
    <Filter Include="Shader">
      <UniqueIdentifier>{954a84ea-7851-43de-b15d-9d87cefd55c4}</UniqueIdentifier>
    </Filter>
  </ItemGroup>
  <ItemGroup>
    <ClInclude Include="Donya\AudioSystem.h">
      <Filter>Header</Filter>
    </ClInclude>
    <ClInclude Include="Donya\Benchmark.h">
      <Filter>Header</Filter>
    </ClInclude>
    <ClInclude Include="Donya\Blend.h">
      <Filter>Header</Filter>
    </ClInclude>
    <ClInclude Include="Donya\CBuffer.h">
      <Filter>Header</Filter>
    </ClInclude>
    <ClInclude Include="Donya\Collision.h">
      <Filter>Header</Filter>
    </ClInclude>
    <ClInclude Include="Donya\Constant.h">
      <Filter>Header</Filter>
    </ClInclude>
    <ClInclude Include="Donya\Counter.h">
      <Filter>Header</Filter>
    </ClInclude>
    <ClInclude Include="Donya\Direct3DUtil.h">
      <Filter>Header</Filter>
    </ClInclude>
    <ClInclude Include="Donya\Donya.h">
      <Filter>Header</Filter>
    </ClInclude>
    <ClInclude Include="Donya\Easing.h">
      <Filter>Header</Filter>
    </ClInclude>
    <ClInclude Include="Donya\EnumBitwiseOperators.h">
      <Filter>Header</Filter>
    </ClInclude>
    <ClInclude Include="Donya\GamepadXInput.h">
      <Filter>Header</Filter>
    </ClInclude>
    <ClInclude Include="Donya\GeometricPrimitive.h">
      <Filter>Header</Filter>
    </ClInclude>
    <ClInclude Include="Donya\HighResolutionTimer.h">
      <Filter>Header</Filter>
    </ClInclude>
    <ClInclude Include="Donya\Keyboard.h">
      <Filter>Header</Filter>
    </ClInclude>
    <ClInclude Include="Donya\Looper.h">
      <Filter>Header</Filter>
    </ClInclude>
    <ClInclude Include="Donya\Mouse.h">
      <Filter>Header</Filter>
    </ClInclude>
    <ClInclude Include="Donya\Quaternion.h">
      <Filter>Header</Filter>
    </ClInclude>
    <ClInclude Include="Donya\Random.h">
      <Filter>Header</Filter>
    </ClInclude>
    <ClInclude Include="Donya\Resource.h">
      <Filter>Header</Filter>
    </ClInclude>
    <ClInclude Include="Donya\ScreenShake.h">
      <Filter>Header</Filter>
    </ClInclude>
    <ClInclude Include="Donya\Serializer.h">
      <Filter>Header</Filter>
    </ClInclude>
    <ClInclude Include="Donya\Shader.h">
      <Filter>Header</Filter>
    </ClInclude>
    <ClInclude Include="Donya\Sound.h">
      <Filter>Header</Filter>
    </ClInclude>
    <ClInclude Include="Donya\Sprite.h">
      <Filter>Header</Filter>
    </ClInclude>
    <ClInclude Include="Donya\SpriteSheet.h">
      <Filter>Header</Filter>
    </ClInclude>
    <ClInclude Include="Donya\StaticMesh.h">
      <Filter>Header</Filter>
    </ClInclude>
    <ClInclude Include="Donya\Template.h">
      <Filter>Header</Filter>
    </ClInclude>
    <ClInclude Include="Donya\Useful.h">
      <Filter>Header</Filter>
    </ClInclude>
    <ClInclude Include="Donya\Vector.h">
      <Filter>Header</Filter>
    </ClInclude>
    <ClInclude Include="Donya\WindowsUtil.h">
      <Filter>Header</Filter>
    </ClInclude>
    <ClInclude Include="Donya\UseImGui.h">
      <Filter>Header</Filter>
    </ClInclude>
    <ClInclude Include="Source\Camera.h">
      <Filter>Header</Filter>
    </ClInclude>
    <ClInclude Include="Source\Common.h">
      <Filter>Header</Filter>
    </ClInclude>
    <ClInclude Include="Source\Loader.h">
      <Filter>Header</Filter>
    </ClInclude>
    <ClInclude Include="Source\misc.h">
      <Filter>Header</Filter>
    </ClInclude>
    <ClInclude Include="Source\Motion.h">
      <Filter>Header</Filter>
    </ClInclude>
    <ClInclude Include="Source\SkinnedMesh.h">
      <Filter>Header</Filter>
    </ClInclude>
    <ClInclude Include="source\Framework.h">
      <Filter>Header</Filter>
    </ClInclude>
  </ItemGroup>
  <ItemGroup>
    <ClCompile Include="Donya\AudioSystem.cpp">
      <Filter>Source</Filter>
    </ClCompile>
    <ClCompile Include="Donya\Blend.cpp">
      <Filter>Source</Filter>
    </ClCompile>
    <ClCompile Include="Donya\Collision.cpp">
      <Filter>Source</Filter>
    </ClCompile>
    <ClCompile Include="Donya\Donya.cpp">
      <Filter>Source</Filter>
    </ClCompile>
    <ClCompile Include="Donya\GamepadXInput.cpp">
      <Filter>Source</Filter>
    </ClCompile>
    <ClCompile Include="Donya\GeometricPrimitive.cpp">
      <Filter>Source</Filter>
    </ClCompile>
    <ClCompile Include="Donya\Keyboard.cpp">
      <Filter>Source</Filter>
    </ClCompile>
    <ClCompile Include="Donya\Looper.cpp">
      <Filter>Source</Filter>
    </ClCompile>
    <ClCompile Include="Donya\Mouse.cpp">
      <Filter>Source</Filter>
    </ClCompile>
    <ClCompile Include="Donya\Quaternion.cpp">
      <Filter>Source</Filter>
    </ClCompile>
    <ClCompile Include="Donya\Random.cpp">
      <Filter>Source</Filter>
    </ClCompile>
    <ClCompile Include="Donya\Resource.cpp">
      <Filter>Source</Filter>
    </ClCompile>
    <ClCompile Include="Donya\ScreenShake.cpp">
      <Filter>Source</Filter>
    </ClCompile>
    <ClCompile Include="Donya\Shader.cpp">
      <Filter>Source</Filter>
    </ClCompile>
    <ClCompile Include="Donya\Sound.cpp">
      <Filter>Source</Filter>
    </ClCompile>
    <ClCompile Include="Donya\Sprite.cpp">
      <Filter>Source</Filter>
    </ClCompile>
    <ClCompile Include="Donya\SpriteSheet.cpp">
      <Filter>Source</Filter>
    </ClCompile>
    <ClCompile Include="Donya\StaticMesh.cpp">
      <Filter>Source</Filter>
    </ClCompile>
    <ClCompile Include="Donya\Useful.cpp">
      <Filter>Source</Filter>
    </ClCompile>
    <ClCompile Include="Donya\UseImGui.cpp">
      <Filter>Source</Filter>
    </ClCompile>
    <ClCompile Include="Donya\Vector.cpp">
      <Filter>Source</Filter>
    </ClCompile>
    <ClCompile Include="Donya\WindowsUtil.cpp">
      <Filter>Source</Filter>
    </ClCompile>
    <ClCompile Include="Source\Camera.cpp">
      <Filter>Source</Filter>
    </ClCompile>
    <ClCompile Include="Source\Common.cpp">
      <Filter>Source</Filter>
    </ClCompile>
    <ClCompile Include="Source\Loader.cpp">
      <Filter>Source</Filter>
    </ClCompile>
    <ClCompile Include="Source\main.cpp">
      <Filter>Source</Filter>
    </ClCompile>
    <ClCompile Include="Source\SkinnedMesh.cpp">
      <Filter>Source</Filter>
    </ClCompile>
    <ClCompile Include="source\Framework.cpp">
      <Filter>Source</Filter>
    </ClCompile>
  </ItemGroup>
  <ItemGroup>
    <None Include="Shader\SkinnedMesh.hlsli">
      <Filter>Shader</Filter>
    </None>
  </ItemGroup>
  <ItemGroup>
    <FxCompile Include="Shader\SkinnedMeshVS.hlsl">
      <Filter>Shader</Filter>
    </FxCompile>
    <FxCompile Include="Shader\SkinnedMeshPS.hlsl">
      <Filter>Shader</Filter>
    </FxCompile>
  </ItemGroup>
  <ItemGroup>
    <Natvis Include="Natvis\Donya.natvis" />
    <Natvis Include="Donya\Donya.natvis" />
  </ItemGroup>
</Project>