<?xml version="1.0" encoding="utf-8"?>
<Project ToolsVersion="4.0" xmlns="http://schemas.microsoft.com/developer/msbuild/2003">
  <ItemGroup>
    <Filter Include="ImGui">
      <UniqueIdentifier>{ab20b420-4e7a-4cfe-9d75-2c2243e76a17}</UniqueIdentifier>
    </Filter>
    <Filter Include="Source">
      <UniqueIdentifier>{4FC737F1-C7A5-4376-A066-2A32D752A2FF}</UniqueIdentifier>
      <Extensions>cpp;c;cc;cxx;def;odl;idl;hpj;bat;asm;asmx</Extensions>
    </Filter>
    <Filter Include="Header">
      <UniqueIdentifier>{93995380-89BD-4b04-88EB-625FBE52EBFB}</UniqueIdentifier>
      <Extensions>h;hh;hpp;hxx;hm;inl;inc;xsd</Extensions>
    </Filter>
    <Filter Include="Resource">
      <UniqueIdentifier>{67DA6AB6-F800-4c08-8B7A-83BB121AAD01}</UniqueIdentifier>
      <Extensions>rc;ico;cur;bmp;dlg;rc2;rct;bin;rgs;gif;jpg;jpeg;jpe;resx;tiff;tif;png;wav;mfcribbon-ms</Extensions>
    </Filter>
    <Filter Include="Shader">
      <UniqueIdentifier>{954a84ea-7851-43de-b15d-9d87cefd55c4}</UniqueIdentifier>
    </Filter>
  </ItemGroup>
  <ItemGroup>
    <ClInclude Include="Source\Camera.h">
      <Filter>Header</Filter>
    </ClInclude>
    <ClInclude Include="Source\Common.h">
      <Filter>Header</Filter>
    </ClInclude>
    <ClInclude Include="Source\Loader.h">
      <Filter>Header</Filter>
    </ClInclude>
    <ClInclude Include="Source\misc.h">
      <Filter>Header</Filter>
    </ClInclude>
    <ClInclude Include="Source\Motion.h">
      <Filter>Header</Filter>
    </ClInclude>
    <ClInclude Include="Source\SkinnedMesh.h">
      <Filter>Header</Filter>
    </ClInclude>
    <ClInclude Include="source\Framework.h">
      <Filter>Header</Filter>
    </ClInclude>
    <ClInclude Include="Source\Donya\AudioSystem.h">
      <Filter>Header</Filter>
    </ClInclude>
    <ClInclude Include="Source\Donya\Benchmark.h">
      <Filter>Header</Filter>
    </ClInclude>
    <ClInclude Include="Source\Donya\Blend.h">
      <Filter>Header</Filter>
    </ClInclude>
    <ClInclude Include="Source\Donya\CBuffer.h">
      <Filter>Header</Filter>
    </ClInclude>
    <ClInclude Include="Source\Donya\Collision.h">
      <Filter>Header</Filter>
    </ClInclude>
    <ClInclude Include="Source\Donya\Constant.h">
      <Filter>Header</Filter>
    </ClInclude>
    <ClInclude Include="Source\Donya\Counter.h">
      <Filter>Header</Filter>
    </ClInclude>
    <ClInclude Include="Source\Donya\Direct3DUtil.h">
      <Filter>Header</Filter>
    </ClInclude>
    <ClInclude Include="Source\Donya\Donya.h">
      <Filter>Header</Filter>
    </ClInclude>
    <ClInclude Include="Source\Donya\Easing.h">
      <Filter>Header</Filter>
    </ClInclude>
    <ClInclude Include="Source\Donya\EnumBitwiseOperators.h">
      <Filter>Header</Filter>
    </ClInclude>
    <ClInclude Include="Source\Donya\GamepadXInput.h">
      <Filter>Header</Filter>
    </ClInclude>
    <ClInclude Include="Source\Donya\GeometricPrimitive.h">
      <Filter>Header</Filter>
    </ClInclude>
    <ClInclude Include="Source\Donya\HighResolutionTimer.h">
      <Filter>Header</Filter>
    </ClInclude>
    <ClInclude Include="Source\Donya\Keyboard.h">
      <Filter>Header</Filter>
    </ClInclude>
    <ClInclude Include="Source\Donya\Looper.h">
      <Filter>Header</Filter>
    </ClInclude>
    <ClInclude Include="Source\Donya\Mouse.h">
      <Filter>Header</Filter>
    </ClInclude>
    <ClInclude Include="Source\Donya\Quaternion.h">
      <Filter>Header</Filter>
    </ClInclude>
    <ClInclude Include="Source\Donya\Random.h">
      <Filter>Header</Filter>
    </ClInclude>
    <ClInclude Include="Source\Donya\Resource.h">
      <Filter>Header</Filter>
    </ClInclude>
    <ClInclude Include="Source\Donya\ScreenShake.h">
      <Filter>Header</Filter>
    </ClInclude>
    <ClInclude Include="Source\Donya\Serializer.h">
      <Filter>Header</Filter>
    </ClInclude>
    <ClInclude Include="Source\Donya\Shader.h">
      <Filter>Header</Filter>
    </ClInclude>
    <ClInclude Include="Source\Donya\Sound.h">
      <Filter>Header</Filter>
    </ClInclude>
    <ClInclude Include="Source\Donya\Sprite.h">
      <Filter>Header</Filter>
    </ClInclude>
    <ClInclude Include="Source\Donya\SpriteSheet.h">
      <Filter>Header</Filter>
    </ClInclude>
    <ClInclude Include="Source\Donya\StaticMesh.h">
      <Filter>Header</Filter>
    </ClInclude>
    <ClInclude Include="Source\Donya\Template.h">
      <Filter>Header</Filter>
    </ClInclude>
    <ClInclude Include="Source\Donya\Useful.h">
      <Filter>Header</Filter>
    </ClInclude>
    <ClInclude Include="Source\Donya\UseImGui.h">
      <Filter>Header</Filter>
    </ClInclude>
    <ClInclude Include="Source\Donya\Vector.h">
      <Filter>Header</Filter>
    </ClInclude>
    <ClInclude Include="Source\Donya\WindowsUtil.h">
      <Filter>Header</Filter>
    </ClInclude>
    <ClInclude Include="Source\Music.h">
      <Filter>Header</Filter>
    </ClInclude>
    <ClInclude Include="Source\Scene.h">
      <Filter>Header</Filter>
    </ClInclude>
    <ClInclude Include="Source\SceneManager.h">
      <Filter>Header</Filter>
    </ClInclude>
    <ClInclude Include="Source\Fader.h">
      <Filter>Header</Filter>
    </ClInclude>
    <ClInclude Include="Source\SceneLex.h">
      <Filter>Header</Filter>
    </ClInclude>
    <ClInclude Include="Source\Animation.h">
      <Filter>Header</Filter>
    </ClInclude>
    <ClInclude Include="External\ImGui\imconfig.h">
      <Filter>Header</Filter>
    </ClInclude>
    <ClInclude Include="External\ImGui\imgui.h">
      <Filter>Header</Filter>
    </ClInclude>
    <ClInclude Include="External\ImGui\imgui_impl_dx11.h">
      <Filter>Header</Filter>
    </ClInclude>
    <ClInclude Include="External\ImGui\imgui_impl_win32.h">
      <Filter>Header</Filter>
    </ClInclude>
    <ClInclude Include="External\ImGui\imgui_internal.h">
      <Filter>Header</Filter>
    </ClInclude>
    <ClInclude Include="External\ImGui\imstb_rectpack.h">
      <Filter>Header</Filter>
    </ClInclude>
    <ClInclude Include="External\ImGui\imstb_textedit.h">
      <Filter>Header</Filter>
    </ClInclude>
    <ClInclude Include="External\ImGui\imstb_truetype.h">
      <Filter>Header</Filter>
    </ClInclude>
    <ClInclude Include="Source\Donya\Color.h">
      <Filter>Header</Filter>
    </ClInclude>
    <ClInclude Include="Source\Icon.h">
      <Filter>Header</Filter>
    </ClInclude>
    <ClInclude Include="Source\Donya\RenderingStates.h">
      <Filter>Header</Filter>
    </ClInclude>
    <ClInclude Include="Source\Grid.h">
      <Filter>Header</Filter>
    </ClInclude>
    <ClInclude Include="Source\ModelSource.h">
      <Filter>Header</Filter>
    </ClInclude>
    <ClInclude Include="Source\Model.h">
      <Filter>Header</Filter>
    </ClInclude>
    <ClInclude Include="Source\ModelMaker.h">
      <Filter>Header</Filter>
    </ClInclude>
  </ItemGroup>
  <ItemGroup>
    <ClCompile Include="Source\Camera.cpp">
      <Filter>Source</Filter>
    </ClCompile>
    <ClCompile Include="Source\Common.cpp">
      <Filter>Source</Filter>
    </ClCompile>
    <ClCompile Include="Source\Loader.cpp">
      <Filter>Source</Filter>
    </ClCompile>
    <ClCompile Include="Source\main.cpp">
      <Filter>Source</Filter>
    </ClCompile>
    <ClCompile Include="Source\SkinnedMesh.cpp">
      <Filter>Source</Filter>
    </ClCompile>
    <ClCompile Include="source\Framework.cpp">
      <Filter>Source</Filter>
    </ClCompile>
    <ClCompile Include="Source\Donya\AudioSystem.cpp">
      <Filter>Source</Filter>
    </ClCompile>
    <ClCompile Include="Source\Donya\Blend.cpp">
      <Filter>Source</Filter>
    </ClCompile>
    <ClCompile Include="Source\Donya\Collision.cpp">
      <Filter>Source</Filter>
    </ClCompile>
    <ClCompile Include="Source\Donya\Donya.cpp">
      <Filter>Source</Filter>
    </ClCompile>
    <ClCompile Include="Source\Donya\GamepadXInput.cpp">
      <Filter>Source</Filter>
    </ClCompile>
    <ClCompile Include="Source\Donya\GeometricPrimitive.cpp">
      <Filter>Source</Filter>
    </ClCompile>
    <ClCompile Include="Source\Donya\Keyboard.cpp">
      <Filter>Source</Filter>
    </ClCompile>
    <ClCompile Include="Source\Donya\Looper.cpp">
      <Filter>Source</Filter>
    </ClCompile>
    <ClCompile Include="Source\Donya\Mouse.cpp">
      <Filter>Source</Filter>
    </ClCompile>
    <ClCompile Include="Source\Donya\Quaternion.cpp">
      <Filter>Source</Filter>
    </ClCompile>
    <ClCompile Include="Source\Donya\Random.cpp">
      <Filter>Source</Filter>
    </ClCompile>
    <ClCompile Include="Source\Donya\Resource.cpp">
      <Filter>Source</Filter>
    </ClCompile>
    <ClCompile Include="Source\Donya\ScreenShake.cpp">
      <Filter>Source</Filter>
    </ClCompile>
    <ClCompile Include="Source\Donya\Shader.cpp">
      <Filter>Source</Filter>
    </ClCompile>
    <ClCompile Include="Source\Donya\Sound.cpp">
      <Filter>Source</Filter>
    </ClCompile>
    <ClCompile Include="Source\Donya\Sprite.cpp">
      <Filter>Source</Filter>
    </ClCompile>
    <ClCompile Include="Source\Donya\SpriteSheet.cpp">
      <Filter>Source</Filter>
    </ClCompile>
    <ClCompile Include="Source\Donya\StaticMesh.cpp">
      <Filter>Source</Filter>
    </ClCompile>
    <ClCompile Include="Source\Donya\Useful.cpp">
      <Filter>Source</Filter>
    </ClCompile>
    <ClCompile Include="Source\Donya\UseImGui.cpp">
      <Filter>Source</Filter>
    </ClCompile>
    <ClCompile Include="Source\Donya\Vector.cpp">
      <Filter>Source</Filter>
    </ClCompile>
    <ClCompile Include="Source\Donya\WindowsUtil.cpp">
      <Filter>Source</Filter>
    </ClCompile>
    <ClCompile Include="Source\SceneManager.cpp">
      <Filter>Source</Filter>
    </ClCompile>
    <ClCompile Include="Source\Fader.cpp">
      <Filter>Source</Filter>
    </ClCompile>
    <ClCompile Include="Source\SceneLex.cpp">
      <Filter>Source</Filter>
    </ClCompile>
    <ClCompile Include="Source\Animation.cpp">
      <Filter>Source</Filter>
    </ClCompile>
    <ClCompile Include="External\ImGui\imgui.cpp">
      <Filter>Source</Filter>
    </ClCompile>
    <ClCompile Include="External\ImGui\imgui_demo.cpp">
      <Filter>Source</Filter>
    </ClCompile>
    <ClCompile Include="External\ImGui\imgui_draw.cpp">
      <Filter>Source</Filter>
    </ClCompile>
    <ClCompile Include="External\ImGui\imgui_impl_dx11.cpp">
      <Filter>Source</Filter>
    </ClCompile>
    <ClCompile Include="External\ImGui\imgui_impl_win32.cpp">
      <Filter>Source</Filter>
    </ClCompile>
    <ClCompile Include="External\ImGui\imgui_widgets.cpp">
      <Filter>Source</Filter>
    </ClCompile>
    <ClCompile Include="Source\Motion.cpp">
      <Filter>Source</Filter>
    </ClCompile>
    <ClCompile Include="Source\Donya\Color.cpp">
      <Filter>Source</Filter>
    </ClCompile>
    <ClCompile Include="Source\Donya\RenderingStates.cpp">
      <Filter>Source</Filter>
    </ClCompile>
    <ClCompile Include="Source\Grid.cpp">
      <Filter>Source</Filter>
    </ClCompile>
    <ClCompile Include="Source\Model.cpp">
      <Filter>Source</Filter>
    </ClCompile>
    <ClCompile Include="Source\ModelMaker.cpp">
      <Filter>Source</Filter>
    </ClCompile>
  </ItemGroup>
  <ItemGroup>
    <None Include="Shader\SkinnedMesh.hlsli">
      <Filter>Shader</Filter>
    </None>
    <None Include="Shader\Techniques.hlsli" />
    <None Include="Shader\ScreenFilter.hlsli" />
  </ItemGroup>
  <ItemGroup>
    <FxCompile Include="Shader\SkinnedMeshVS.hlsl">
      <Filter>Shader</Filter>
    </FxCompile>
    <FxCompile Include="Shader\SkinnedMeshPS.hlsl">
      <Filter>Shader</Filter>
    </FxCompile>
  </ItemGroup>
  <ItemGroup>
    <Natvis Include="Source\Donya\Donya.natvis" />
  </ItemGroup>
  <ItemGroup>
    <ResourceCompile Include="Source\Icon.rc">
      <Filter>Resource</Filter>
    </ResourceCompile>
  </ItemGroup>
</Project>